
Microsoft Visual Studio Solution File, Format Version 12.00
# Visual Studio Version 16
VisualStudioVersion = 16.0.30804.86
MinimumVisualStudioVersion = 10.0.40219.1
Project("{FAE04EC0-301F-11D3-BF4B-00C04F79EFBC}") = "RestaurantsAPI", "RestaurantsAPI\RestaurantsAPI.csproj", "{FD46419D-0C22-43DD-B963-C3C7555AB089}"
EndProject
Global
	GlobalSection(SolutionConfigurationPlatforms) = preSolution
		Debug|Any CPU = Debug|Any CPU
		Release|Any CPU = Release|Any CPU
	EndGlobalSection
	GlobalSection(ProjectConfigurationPlatforms) = postSolution
		{FD46419D-0C22-43DD-B963-C3C7555AB089}.Debug|Any CPU.ActiveCfg = Debug|Any CPU
		{FD46419D-0C22-43DD-B963-C3C7555AB089}.Debug|Any CPU.Build.0 = Debug|Any CPU
		{FD46419D-0C22-43DD-B963-C3C7555AB089}.Release|Any CPU.ActiveCfg = Release|Any CPU
		{FD46419D-0C22-43DD-B963-C3C7555AB089}.Release|Any CPU.Build.0 = Release|Any CPU
	EndGlobalSection
	GlobalSection(SolutionProperties) = preSolution
		HideSolutionNode = FALSE
	EndGlobalSection
	GlobalSection(ExtensibilityGlobals) = postSolution
		SolutionGuid = {FB71E20C-EBF8-4243-A983-ED75FD357BC3}
	EndGlobalSection
EndGlobal
